
Microsoft Visual Studio Solution File, Format Version 11.00
# Visual Studio 2010
Project("{FAE04EC0-301F-11D3-BF4B-00C04F79EFBC}") = "StudentConnect", "StudentConnect\StudentConnect.csproj", "{B254DDD1-B8E7-4846-94C0-FB428043E5AB}"
EndProject
Project("{FAE04EC0-301F-11D3-BF4B-00C04F79EFBC}") = "StudentConnect.Core", "StudentConnect.Core\StudentConnect.Core.csproj", "{5A97717D-DE14-405B-BCB9-2B161B4990EC}"
EndProject
Project("{FAE04EC0-301F-11D3-BF4B-00C04F79EFBC}") = "StudentConnect.Core.Tests", "StudentConnect.Core.Tests\StudentConnect.Core.Tests.csproj", "{C102B9F1-6140-4663-939C-10594380A712}"
EndProject
Project("{2150E333-8FDC-42A3-9474-1A3956D46DE8}") = "Solution Items", "Solution Items", "{C312F924-21D3-475D-978D-57F67DE3BE29}"
	ProjectSection(SolutionItems) = preProject
		Local.testsettings = Local.testsettings
		StudentConnect.vsmdi = StudentConnect.vsmdi
		TraceAndTestImpact.testsettings = TraceAndTestImpact.testsettings
	EndProjectSection
EndProject
Global
	GlobalSection(TestCaseManagementSettings) = postSolution
		CategoryFile = StudentConnect.vsmdi
	EndGlobalSection
	GlobalSection(SolutionConfigurationPlatforms) = preSolution
		Debug|Any CPU = Debug|Any CPU
		Release|Any CPU = Release|Any CPU
	EndGlobalSection
	GlobalSection(ProjectConfigurationPlatforms) = postSolution
		{B254DDD1-B8E7-4846-94C0-FB428043E5AB}.Debug|Any CPU.ActiveCfg = Debug|Any CPU
		{B254DDD1-B8E7-4846-94C0-FB428043E5AB}.Debug|Any CPU.Build.0 = Debug|Any CPU
		{B254DDD1-B8E7-4846-94C0-FB428043E5AB}.Release|Any CPU.ActiveCfg = Release|Any CPU
		{B254DDD1-B8E7-4846-94C0-FB428043E5AB}.Release|Any CPU.Build.0 = Release|Any CPU
		{5A97717D-DE14-405B-BCB9-2B161B4990EC}.Debug|Any CPU.ActiveCfg = Debug|Any CPU
		{5A97717D-DE14-405B-BCB9-2B161B4990EC}.Debug|Any CPU.Build.0 = Debug|Any CPU
		{5A97717D-DE14-405B-BCB9-2B161B4990EC}.Release|Any CPU.ActiveCfg = Release|Any CPU
		{5A97717D-DE14-405B-BCB9-2B161B4990EC}.Release|Any CPU.Build.0 = Release|Any CPU
		{C102B9F1-6140-4663-939C-10594380A712}.Debug|Any CPU.ActiveCfg = Debug|Any CPU
		{C102B9F1-6140-4663-939C-10594380A712}.Debug|Any CPU.Build.0 = Debug|Any CPU
		{C102B9F1-6140-4663-939C-10594380A712}.Release|Any CPU.ActiveCfg = Release|Any CPU
		{C102B9F1-6140-4663-939C-10594380A712}.Release|Any CPU.Build.0 = Release|Any CPU
	EndGlobalSection
	GlobalSection(SolutionProperties) = preSolution
		HideSolutionNode = FALSE
	EndGlobalSection
	GlobalSection(ExtensibilityGlobals) = postSolution
		EnterpriseLibraryConfigurationToolBinariesPath = packages\Unity.2.1.505.2\lib\NET35
	EndGlobalSection
EndGlobal
