
Microsoft Visual Studio Solution File, Format Version 11.00
# Visual Studio 2010
Project("{FAE04EC0-301F-11D3-BF4B-00C04F79EFBC}") = "StudentConnect", "StudentConnect\StudentConnect.csproj", "{B254DDD1-B8E7-4846-94C0-FB428043E5AB}"
EndProject
Global
	GlobalSection(SolutionConfigurationPlatforms) = preSolution
		Debug|Any CPU = Debug|Any CPU
		Release|Any CPU = Release|Any CPU
	EndGlobalSection
	GlobalSection(ProjectConfigurationPlatforms) = postSolution
		{B254DDD1-B8E7-4846-94C0-FB428043E5AB}.Debug|Any CPU.ActiveCfg = Debug|Any CPU
		{B254DDD1-B8E7-4846-94C0-FB428043E5AB}.Debug|Any CPU.Build.0 = Debug|Any CPU
		{B254DDD1-B8E7-4846-94C0-FB428043E5AB}.Release|Any CPU.ActiveCfg = Release|Any CPU
		{B254DDD1-B8E7-4846-94C0-FB428043E5AB}.Release|Any CPU.Build.0 = Release|Any CPU
	EndGlobalSection
	GlobalSection(SolutionProperties) = preSolution
		HideSolutionNode = FALSE
	EndGlobalSection
	GlobalSection(ExtensibilityGlobals) = postSolution
		EnterpriseLibraryConfigurationToolBinariesPath = packages\Unity.2.1.505.2\lib\NET35
	EndGlobalSection
EndGlobal
